github.com/flames31/hack-attic/tools v0.0.0-20250623032506-09219926cb22 h1:ycO9J3PaXO/Eu91ps+LIUQYb3nlSpw9OowF8oWcZIOM=
github.com/flames31/hack-attic/tools v0.0.0-20250623032506-09219926cb22/go.mod h1:L1Sukq8ll0JnDYn1ulRQDuchkNjyfSknaXcd0WNAe+g=
github.com/joho/godotenv v1.5.1 h1:7eLL/+HRGLY0ldzfGMeQkb7vMd0as4CfYvUVzLqw0N0=
github.com/joho/godotenv v1.5.1/go.mod h1:f4LDr5Voq0i2e/R5DDNOoa2zzDfwtkZa6DnEwAbqwq4=
